{
  "originHash" : "8b0bb07137fe91859e57b7431354bf5c97b194ca1b8be0a370892b1db50ef549",
  "pins" : [
    {
      "identity" : "arclogger",
      "kind" : "remoteSourceControl",
      "location" : "https://github.com/arclabs-studio/ARCLogger.git",
      "state" : {
        "revision" : "c6fcb3571628d315e9fc7c00f28c12ac99fe42ca",
        "version" : "1.0.0"
      }
    }
  ],
  "version" : 3
}
